{
  "version": 1,
  "dependencies": {
    "net10.0": {
      "System.DirectoryServices.Protocols": {
        "type": "Transitive",
        "resolved": "10.0.11",
        "contentHash": "Q4DEPB0wfAMAM6zjCjioFQoDZGC6uCeAZMU30sdjMgVtKbSuSBjhASVlxVOTYmQKCdUqZInnDwZ3W/ZTWB4m3Q=="
      },
      "System.Security.Cryptography.Pkcs": {
        "type": "Transitive",
        "resolved": "10.0.11",
        "contentHash": "8IV+rI3xN/Mkq9MsSX7VZTv9T9Wt+tyhHLwBX9VNZBk8m8kknEs1JeTSjI2x9M2L/fSja+c2WSE5n5Yy0GXdoQ=="
      },
      "pkiproxy.api": {
        "type": "Project",
        "dependencies": {
          "System.DirectoryServices.Protocols": "[10.0.11, 10.0.11]",
          "System.Security.Cryptography.Pkcs": "[10.0.11, 10.0.11]"
        }
      }
    }
  }
}
